
Microsoft Visual Studio Solution File, Format Version 12.00
# Visual Studio Version 16
VisualStudioVersion = 16.0.29306.81
MinimumVisualStudioVersion = 10.0.40219.1
Project("{FAE04EC0-301F-11D3-BF4B-00C04F79EFBC}") = "Img", "Img\Img.csproj", "{F87DF14D-126B-4D90-A4E5-A078116B9BC2}"
EndProject
Global
	GlobalSection(SolutionConfigurationPlatforms) = preSolution
		Debug|Any CPU = Debug|Any CPU
		Release|Any CPU = Release|Any CPU
	EndGlobalSection
	GlobalSection(ProjectConfigurationPlatforms) = postSolution
		{F87DF14D-126B-4D90-A4E5-A078116B9BC2}.Debug|Any CPU.ActiveCfg = Debug|Any CPU
		{F87DF14D-126B-4D90-A4E5-A078116B9BC2}.Debug|Any CPU.Build.0 = Debug|Any CPU
		{F87DF14D-126B-4D90-A4E5-A078116B9BC2}.Release|Any CPU.ActiveCfg = Release|Any CPU
		{F87DF14D-126B-4D90-A4E5-A078116B9BC2}.Release|Any CPU.Build.0 = Release|Any CPU
	EndGlobalSection
	GlobalSection(SolutionProperties) = preSolution
		HideSolutionNode = FALSE
	EndGlobalSection
	GlobalSection(ExtensibilityGlobals) = postSolution
		SolutionGuid = {C4233539-56EC-408A-95A5-04FA6BAB3413}
	EndGlobalSection
EndGlobal
